{
  "name": "personal_agent_os",
  "lockfileVersion": 3,
  "requires": true,
  "packages": {
    "": {
      "dependencies": {
        "@firecrawl/anydoc": "^0.1.9"
      }
    },
    "node_modules/@firecrawl/anydoc": {
      "version": "0.1.9",
      "resolved": "https://registry.npmjs.org/@firecrawl/anydoc/-/anydoc-0.1.9.tgz",
      "integrity": "sha512-WT4PiXAYWsTOk65pH6MKmM8yB27Vj5NyAnc29pVAZtJSf9DO5QBCDKOU+iFai4t11N1Qjs1QuCLrp9DMIeRITQ==",
      "license": "MIT",
      "bin": {
        "anydoc": "cli.js"
      },
      "engines": {
        "node": ">= 20"
      },
      "optionalDependencies": {
        "@firecrawl/anydoc-darwin-arm64": "0.1.9",
        "@firecrawl/anydoc-darwin-x64": "0.1.9",
        "@firecrawl/anydoc-linux-arm64-gnu": "0.1.9",
        "@firecrawl/anydoc-linux-arm64-musl": "0.1.9",
        "@firecrawl/anydoc-linux-x64-gnu": "0.1.9",
        "@firecrawl/anydoc-linux-x64-musl": "0.1.9",
        "@firecrawl/anydoc-win32-x64-msvc": "0.1.9"
      }
    },
    "node_modules/@firecrawl/anydoc-darwin-arm64": {
      "version": "0.1.9",
      "resolved": "https://registry.npmjs.org/@firecrawl/anydoc-darwin-arm64/-/anydoc-darwin-arm64-0.1.9.tgz",
      "integrity": "sha512-r7LQfF8nLArQmeMIeTWOeItqe3ktLO0DsuJWU/LvscGqGY+OPhdxRRvUU2vYOEbZUEqWW+FJWzV7Nni9JHLapw==",
      "cpu": [
        "arm64"
      ],
      "license": "MIT",
      "optional": true,
      "os": [
        "darwin"
      ],
      "engines": {
        "node": ">= 20"
      }
    },
    "node_modules/@firecrawl/anydoc-darwin-x64": {
      "version": "0.1.9",
      "resolved": "https://registry.npmjs.org/@firecrawl/anydoc-darwin-x64/-/anydoc-darwin-x64-0.1.9.tgz",
      "integrity": "sha512-/9jNFk4Waxm88PgxnrFO7vRyjqTPQvr37ABPQZKuBLAI+fhhVAYbyVhFvSrF2694yVXg84qdg0kws+5DtTzCog==",
      "cpu": [
        "x64"
      ],
      "license": "MIT",
      "optional": true,
      "os": [
        "darwin"
      ],
      "engines": {
        "node": ">= 20"
      }
    },
    "node_modules/@firecrawl/anydoc-linux-arm64-gnu": {
      "version": "0.1.9",
      "resolved": "https://registry.npmjs.org/@firecrawl/anydoc-linux-arm64-gnu/-/anydoc-linux-arm64-gnu-0.1.9.tgz",
      "integrity": "sha512-FtPDamesoHW3NUDQVWWsjtt5H6oqObtcOwCwREnKRjNqnEVkIE9eW3/vElbGrZlrqlcPz4OLLAI4fGJUUKh3kQ==",
      "cpu": [
        "arm64"
      ],
      "license": "MIT",
      "optional": true,
      "os": [
        "linux"
      ],
      "engines": {
        "node": ">= 20"
      }
    },
    "node_modules/@firecrawl/anydoc-linux-arm64-musl": {
      "version": "0.1.9",
      "resolved": "https://registry.npmjs.org/@firecrawl/anydoc-linux-arm64-musl/-/anydoc-linux-arm64-musl-0.1.9.tgz",
      "integrity": "sha512-fvhEB45eo7xxfev3h+c3+gKhNrUvgMOKBrZol3R2Sljp97oVL2HyC4Mwqq+nqLW0yOH9qGikDgwlLLESD3gYSQ==",
      "cpu": [
        "arm64"
      ],
      "license": "MIT",
      "optional": true,
      "os": [
        "linux"
      ],
      "engines": {
        "node": ">= 20"
      }
    },
    "node_modules/@firecrawl/anydoc-linux-x64-gnu": {
      "version": "0.1.9",
      "resolved": "https://registry.npmjs.org/@firecrawl/anydoc-linux-x64-gnu/-/anydoc-linux-x64-gnu-0.1.9.tgz",
      "integrity": "sha512-12Fbby9ZxXNdGVuObBSIJTmJhmjm6MFjZinunjRR3j92cFLJiYeXYRHk8iYReSEXbgat0i34AfkY15uTjXoAng==",
      "cpu": [
        "x64"
      ],
      "license": "MIT",
      "optional": true,
      "os": [
        "linux"
      ],
      "engines": {
        "node": ">= 20"
      }
    },
    "node_modules/@firecrawl/anydoc-linux-x64-musl": {
      "version": "0.1.9",
      "resolved": "https://registry.npmjs.org/@firecrawl/anydoc-linux-x64-musl/-/anydoc-linux-x64-musl-0.1.9.tgz",
      "integrity": "sha512-Y8VhjazuAAqBuuOZPEw5QwB0u7WX6EIKP8E3q/LGTKTIJsjl0tK6Hjcgxdg52SiF/aa1fB4oHx2UK2ojB1V2rA==",
      "cpu": [
        "x64"
      ],
      "license": "MIT",
      "optional": true,
      "os": [
        "linux"
      ],
      "engines": {
        "node": ">= 20"
      }
    },
    "node_modules/@firecrawl/anydoc-win32-x64-msvc": {
      "version": "0.1.9",
      "resolved": "https://registry.npmjs.org/@firecrawl/anydoc-win32-x64-msvc/-/anydoc-win32-x64-msvc-0.1.9.tgz",
      "integrity": "sha512-SRX+GrFn+R/hTwSxJvJzKW0S+zn2vxJnolI9RTrn8HtNlyQUnvxB8PulzxvgBVV82kA3/ZTvGUKokH/SQe8sqg==",
      "cpu": [
        "x64"
      ],
      "license": "MIT",
      "optional": true,
      "os": [
        "win32"
      ],
      "engines": {
        "node": ">= 20"
      }
    }
  }
}
